
Microsoft Visual Studio Solution File, Format Version 12.00
# Visual Studio Version 17
VisualStudioVersion = 17.13.35931.197 d17.13
MinimumVisualStudioVersion = 10.0.40219.1
Project("{FAE04EC0-301F-11D3-BF4B-00C04F79EFBC}") = "CollegeSchedule_Romankov", "CollegeSchedule_Romankov\CollegeSchedule_Romankov.csproj", "{8EEE5722-7BE1-4154-842B-4EB803F7A834}"
EndProject
Global
	GlobalSection(SolutionConfigurationPlatforms) = preSolution
		Debug|Any CPU = Debug|Any CPU
		Release|Any CPU = Release|Any CPU
	EndGlobalSection
	GlobalSection(ProjectConfigurationPlatforms) = postSolution
		{8EEE5722-7BE1-4154-842B-4EB803F7A834}.Debug|Any CPU.ActiveCfg = Debug|Any CPU
		{8EEE5722-7BE1-4154-842B-4EB803F7A834}.Debug|Any CPU.Build.0 = Debug|Any CPU
		{8EEE5722-7BE1-4154-842B-4EB803F7A834}.Release|Any CPU.ActiveCfg = Release|Any CPU
		{8EEE5722-7BE1-4154-842B-4EB803F7A834}.Release|Any CPU.Build.0 = Release|Any CPU
	EndGlobalSection
	GlobalSection(SolutionProperties) = preSolution
		HideSolutionNode = FALSE
	EndGlobalSection
	GlobalSection(ExtensibilityGlobals) = postSolution
		SolutionGuid = {E24905FC-B02E-47CE-AB82-CC027F7595B1}
	EndGlobalSection
EndGlobal
